
Microsoft Visual Studio Solution File, Format Version 12.00
# Visual Studio Version 17
VisualStudioVersion = 17.6.33723.286
MinimumVisualStudioVersion = 10.0.40219.1
Project("{FAE04EC0-301F-11D3-BF4B-00C04F79EFBC}") = "PolygonApi", "PolygonApi.csproj", "{300E6FF6-5BDD-46E4-BBFE-0C2D51B83C8E}"
EndProject
Global
	GlobalSection(SolutionConfigurationPlatforms) = preSolution
		Debug|Any CPU = Debug|Any CPU
		Release|Any CPU = Release|Any CPU
	EndGlobalSection
	GlobalSection(ProjectConfigurationPlatforms) = postSolution
		{300E6FF6-5BDD-46E4-BBFE-0C2D51B83C8E}.Debug|Any CPU.ActiveCfg = Debug|Any CPU
		{300E6FF6-5BDD-46E4-BBFE-0C2D51B83C8E}.Debug|Any CPU.Build.0 = Debug|Any CPU
		{300E6FF6-5BDD-46E4-BBFE-0C2D51B83C8E}.Release|Any CPU.ActiveCfg = Release|Any CPU
		{300E6FF6-5BDD-46E4-BBFE-0C2D51B83C8E}.Release|Any CPU.Build.0 = Release|Any CPU
	EndGlobalSection
	GlobalSection(SolutionProperties) = preSolution
		HideSolutionNode = FALSE
	EndGlobalSection
	GlobalSection(ExtensibilityGlobals) = postSolution
		SolutionGuid = {6AB3A948-5880-4E3A-A5CE-202C8F3417AB}
	EndGlobalSection
EndGlobal
